<?xml version="1.0" encoding="utf-8"?>
<Project ToolsVersion="4.0" xmlns="http://schemas.microsoft.com/developer/msbuild/2003">
  <ItemGroup>
    <Filter Include="Resource Files">
      <UniqueIdentifier>{67DA6AB6-F800-4c08-8B7A-83BB121AAD01}</UniqueIdentifier>
      <Extensions>rc;ico;cur;bmp;dlg;rc2;rct;bin;rgs;gif;jpg;jpeg;jpe;resx;tiff;tif;png;wav;mfcribbon-ms</Extensions>
    </Filter>
    <Filter Include="Volt3D">
      <UniqueIdentifier>{456493b7-1ea1-42a8-a631-a9dc7c3cb033}</UniqueIdentifier>
    </Filter>
    <Filter Include="Volt3D\Core">
      <UniqueIdentifier>{87989972-4916-46fb-ab22-56f3997c26e5}</UniqueIdentifier>
    </Filter>
    <Filter Include="Volt3D\Vulkan">
      <UniqueIdentifier>{326ae2ca-cb92-4ccc-baf2-1eef7afdc8b8}</UniqueIdentifier>
    </Filter>
    <Filter Include="Volt3D\Utils">
      <UniqueIdentifier>{b7c0c04f-6f05-4907-a4ae-5152c0a30987}</UniqueIdentifier>
    </Filter>
    <Filter Include="Volt3D\Enums">
      <UniqueIdentifier>{fb519464-f5d0-4119-8820-b1184b18fd52}</UniqueIdentifier>
    </Filter>
    <Filter Include="Volt3D\Config">
      <UniqueIdentifier>{43f3de8d-dd6d-44c7-a608-2005a7ce0f76}</UniqueIdentifier>
    </Filter>
    <Filter Include="DLL">
      <UniqueIdentifier>{4FC737F1-C7A5-4376-A066-2A32D752A2FF}</UniqueIdentifier>
      <Extensions>cpp;c;cc;cxx;def;odl;idl;hpj;bat;asm;asmx</Extensions>
    </Filter>
    <Filter Include="Shaders">
      <UniqueIdentifier>{b952fc91-bb23-4762-b21c-40644e344420}</UniqueIdentifier>
    </Filter>
    <Filter Include="Volt3D\Color">
      <UniqueIdentifier>{f45499da-5618-44fa-91fa-cd95946ff31b}</UniqueIdentifier>
    </Filter>
    <Filter Include="Volt3D\Renderer">
      <UniqueIdentifier>{60497325-9a4c-4ec1-893e-adf81d5636dd}</UniqueIdentifier>
    </Filter>
  </ItemGroup>
  <ItemGroup>
    <ClCompile Include="dllmain.cpp">
      <Filter>DLL</Filter>
    </ClCompile>
    <ClCompile Include="PreCompiled.cpp">
      <Filter>DLL</Filter>
    </ClCompile>
    <ClCompile Include="Volt3D\Core\Window.cpp">
      <Filter>Volt3D\Core</Filter>
    </ClCompile>
    <ClCompile Include="Volt3D\Core\Engine.cpp">
      <Filter>Volt3D\Core</Filter>
    </ClCompile>
    <ClCompile Include="Volt3D\Core\GLFWCallbacks.cpp">
      <Filter>Volt3D\Core</Filter>
    </ClCompile>
    <ClCompile Include="Volt3D\Vulkan\Context.cpp">
      <Filter>Volt3D\Vulkan</Filter>
    </ClCompile>
    <ClCompile Include="Volt3D\Vulkan\Instance.cpp">
      <Filter>Volt3D\Vulkan</Filter>
    </ClCompile>
    <ClCompile Include="Volt3D\Vulkan\DebugReportCallback.cpp">
      <Filter>Volt3D\Vulkan</Filter>
    </ClCompile>
    <ClCompile Include="Volt3D\Vulkan\DebugUtilsMessenger.cpp">
      <Filter>Volt3D\Vulkan</Filter>
    </ClCompile>
    <ClCompile Include="Volt3D\Vulkan\Surface.cpp">
      <Filter>Volt3D\Vulkan</Filter>
    </ClCompile>
    <ClCompile Include="Volt3D\Vulkan\PhysicalDevice.cpp">
      <Filter>Volt3D\Vulkan</Filter>
    </ClCompile>
    <ClCompile Include="Volt3D\Vulkan\Device.cpp">
      <Filter>Volt3D\Vulkan</Filter>
    </ClCompile>
    <ClCompile Include="Volt3D\Vulkan\SwapChain.cpp">
      <Filter>Volt3D\Vulkan</Filter>
    </ClCompile>
    <ClCompile Include="Volt3D\Vulkan\Utils.cpp">
      <Filter>Volt3D\Vulkan</Filter>
    </ClCompile>
    <ClCompile Include="Volt3D\Vulkan\RenderPass.cpp">
      <Filter>Volt3D\Vulkan</Filter>
    </ClCompile>
    <ClCompile Include="Volt3D\Core\Preference.cpp">
      <Filter>Volt3D\Core</Filter>
    </ClCompile>
    <ClCompile Include="Volt3D\Vulkan\Pipeline.cpp">
      <Filter>Volt3D\Vulkan</Filter>
    </ClCompile>
    <ClCompile Include="Volt3D\Vulkan\FrameBuffer.cpp">
      <Filter>Volt3D\Vulkan</Filter>
    </ClCompile>
    <ClCompile Include="Volt3D\Vulkan\CommandPool.cpp">
      <Filter>Volt3D\Vulkan</Filter>
    </ClCompile>
    <ClCompile Include="Volt3D\Vulkan\Semaphore.cpp">
      <Filter>Volt3D\Vulkan</Filter>
    </ClCompile>
    <ClCompile Include="Volt3D\Vulkan\Queue.cpp">
      <Filter>Volt3D\Vulkan</Filter>
    </ClCompile>
    <ClCompile Include="Volt3D\Core\Time.cpp">
      <Filter>Volt3D\Core</Filter>
    </ClCompile>
    <ClCompile Include="Volt3D\Vulkan\Fence.cpp">
      <Filter>Volt3D\Vulkan</Filter>
    </ClCompile>
    <ClCompile Include="Volt3D\Vulkan\ShaderModule.cpp">
      <Filter>Volt3D\Vulkan</Filter>
    </ClCompile>
    <ClCompile Include="Volt3D\Color\Color4B.cpp">
      <Filter>Volt3D\Color</Filter>
    </ClCompile>
    <ClCompile Include="Volt3D\Color\Color4F.cpp">
      <Filter>Volt3D\Color</Filter>
    </ClCompile>
    <ClCompile Include="Volt3D\Color\Color3B.cpp">
      <Filter>Volt3D\Color</Filter>
    </ClCompile>
    <ClCompile Include="Volt3D\Color\Color3F.cpp">
      <Filter>Volt3D\Color</Filter>
    </ClCompile>
    <ClCompile Include="Volt3D\Renderer\VertexData.cpp">
      <Filter>Volt3D\Renderer</Filter>
    </ClCompile>
    <ClCompile Include="Volt3D\Vulkan\Vertex.cpp">
      <Filter>Volt3D\Vulkan</Filter>
    </ClCompile>
    <ClCompile Include="Volt3D\Vulkan\Buffer.cpp">
      <Filter>Volt3D\Vulkan</Filter>
    </ClCompile>
    <ClCompile Include="Volt3D\Vulkan\DeviceMemory.cpp">
      <Filter>Volt3D\Vulkan</Filter>
    </ClCompile>
    <ClCompile Include="Volt3D\Vulkan\CommandBuffer.cpp">
      <Filter>Volt3D\Vulkan</Filter>
    </ClCompile>
  </ItemGroup>
  <ItemGroup>
    <ClInclude Include="PreCompiled.h">
      <Filter>DLL</Filter>
    </ClInclude>
    <ClInclude Include="Volt3D\Utils\Macros.h">
      <Filter>Volt3D\Utils</Filter>
    </ClInclude>
    <ClInclude Include="Volt3D\Utils\FileSystem.h">
      <Filter>Volt3D\Utils</Filter>
    </ClInclude>
    <ClInclude Include="Volt3D\Utils\Logger.h">
      <Filter>Volt3D\Utils</Filter>
    </ClInclude>
    <ClInclude Include="Volt3D\Core\GLFWCallbacks.h">
      <Filter>Volt3D\Core</Filter>
    </ClInclude>
    <ClInclude Include="Volt3D\Core\Window.h">
      <Filter>Volt3D\Core</Filter>
    </ClInclude>
    <ClInclude Include="Volt3D\Core\Engine.h">
      <Filter>Volt3D\Core</Filter>
    </ClInclude>
    <ClInclude Include="Volt3D\Config\GLFWCallbackConfig.h">
      <Filter>Volt3D\Config</Filter>
    </ClInclude>
    <ClInclude Include="Volt3D\Enums\WindowMode.h">
      <Filter>Volt3D\Enums</Filter>
    </ClInclude>
    <ClInclude Include="Volt3D\Vulkan\Context.h">
      <Filter>Volt3D\Vulkan</Filter>
    </ClInclude>
    <ClInclude Include="Volt3D\Vulkan\Instance.h">
      <Filter>Volt3D\Vulkan</Filter>
    </ClInclude>
    <ClInclude Include="Volt3D.h">
      <Filter>Volt3D</Filter>
    </ClInclude>
    <ClInclude Include="Volt3D\Vulkan\DebugReportCallback.h">
      <Filter>Volt3D\Vulkan</Filter>
    </ClInclude>
    <ClInclude Include="Volt3D\Vulkan\DebugUtilsMessenger.h">
      <Filter>Volt3D\Vulkan</Filter>
    </ClInclude>
    <ClInclude Include="Volt3D\Config\BuildConfig.h">
      <Filter>Volt3D\Config</Filter>
    </ClInclude>
    <ClInclude Include="Volt3D\Vulkan\Surface.h">
      <Filter>Volt3D\Vulkan</Filter>
    </ClInclude>
    <ClInclude Include="Volt3D\Vulkan\PhysicalDevice.h">
      <Filter>Volt3D\Vulkan</Filter>
    </ClInclude>
    <ClInclude Include="Volt3D\Vulkan\Device.h">
      <Filter>Volt3D\Vulkan</Filter>
    </ClInclude>
    <ClInclude Include="Volt3D\Vulkan\SwapChain.h">
      <Filter>Volt3D\Vulkan</Filter>
    </ClInclude>
    <ClInclude Include="Volt3D\Vulkan\Utils.h">
      <Filter>Volt3D\Vulkan</Filter>
    </ClInclude>
    <ClInclude Include="Volt3D\Vulkan\RenderPass.h">
      <Filter>Volt3D\Vulkan</Filter>
    </ClInclude>
    <ClInclude Include="Volt3D\Vulkan\Pipeline.h">
      <Filter>Volt3D\Vulkan</Filter>
    </ClInclude>
    <ClInclude Include="Volt3D\Core\Preference.h">
      <Filter>Volt3D\Core</Filter>
    </ClInclude>
    <ClInclude Include="Volt3D\Vulkan\FrameBuffer.h">
      <Filter>Volt3D\Vulkan</Filter>
    </ClInclude>
    <ClInclude Include="Volt3D\Vulkan\CommandPool.h">
      <Filter>Volt3D\Vulkan</Filter>
    </ClInclude>
    <ClInclude Include="Volt3D\Vulkan\Semaphore.h">
      <Filter>Volt3D\Vulkan</Filter>
    </ClInclude>
    <ClInclude Include="Volt3D\Vulkan\Queue.h">
      <Filter>Volt3D\Vulkan</Filter>
    </ClInclude>
    <ClInclude Include="Volt3D\Core\Time.h">
      <Filter>Volt3D\Core</Filter>
    </ClInclude>
    <ClInclude Include="Volt3D\Utils\Timer.h">
      <Filter>Volt3D\Utils</Filter>
    </ClInclude>
    <ClInclude Include="Volt3D\Vulkan\Fence.h">
      <Filter>Volt3D\Vulkan</Filter>
    </ClInclude>
    <ClInclude Include="Volt3D\Vulkan\ShaderModule.h">
      <Filter>Volt3D\Vulkan</Filter>
    </ClInclude>
    <ClInclude Include="Volt3D\Color\Color3F.h">
      <Filter>Volt3D\Color</Filter>
    </ClInclude>
    <ClInclude Include="Volt3D\Color\Color4B.h">
      <Filter>Volt3D\Color</Filter>
    </ClInclude>
    <ClInclude Include="Volt3D\Color\Color4F.h">
      <Filter>Volt3D\Color</Filter>
    </ClInclude>
    <ClInclude Include="Volt3D\Color\Color3B.h">
      <Filter>Volt3D\Color</Filter>
    </ClInclude>
    <ClInclude Include="Volt3D\Renderer\VertexData.h">
      <Filter>Volt3D\Renderer</Filter>
    </ClInclude>
    <ClInclude Include="Volt3D\Vulkan\Vertex.h">
      <Filter>Volt3D\Vulkan</Filter>
    </ClInclude>
    <ClInclude Include="Volt3D\Vulkan\Buffer.h">
      <Filter>Volt3D\Vulkan</Filter>
    </ClInclude>
    <ClInclude Include="Volt3D\Vulkan\DeviceMemory.h">
      <Filter>Volt3D\Vulkan</Filter>
    </ClInclude>
    <ClInclude Include="Volt3D\Vulkan\CommandBuffer.h">
      <Filter>Volt3D\Vulkan</Filter>
    </ClInclude>
  </ItemGroup>
</Project>