<?xml version="1.0" encoding="utf-8"?>
<Project ToolsVersion="4.0" xmlns="http://schemas.microsoft.com/developer/msbuild/2003">
  <ItemGroup>
    <Filter Include="Resource Files">
      <UniqueIdentifier>{67DA6AB6-F800-4c08-8B7A-83BB121AAD01}</UniqueIdentifier>
      <Extensions>rc;ico;cur;bmp;dlg;rc2;rct;bin;rgs;gif;jpg;jpeg;jpe;resx;tiff;tif;png;wav;mfcribbon-ms</Extensions>
    </Filter>
    <Filter Include="Volt3D">
      <UniqueIdentifier>{456493b7-1ea1-42a8-a631-a9dc7c3cb033}</UniqueIdentifier>
    </Filter>
    <Filter Include="Volt3D\Vulkan">
      <UniqueIdentifier>{326ae2ca-cb92-4ccc-baf2-1eef7afdc8b8}</UniqueIdentifier>
    </Filter>
    <Filter Include="Volt3D\Utils">
      <UniqueIdentifier>{b7c0c04f-6f05-4907-a4ae-5152c0a30987}</UniqueIdentifier>
    </Filter>
    <Filter Include="Volt3D\Config">
      <UniqueIdentifier>{43f3de8d-dd6d-44c7-a608-2005a7ce0f76}</UniqueIdentifier>
    </Filter>
    <Filter Include="DLL">
      <UniqueIdentifier>{4FC737F1-C7A5-4376-A066-2A32D752A2FF}</UniqueIdentifier>
      <Extensions>cpp;c;cc;cxx;def;odl;idl;hpj;bat;asm;asmx</Extensions>
    </Filter>
    <Filter Include="Volt3D\Color">
      <UniqueIdentifier>{f45499da-5618-44fa-91fa-cd95946ff31b}</UniqueIdentifier>
    </Filter>
    <Filter Include="Volt3D\Renderer">
      <UniqueIdentifier>{60497325-9a4c-4ec1-893e-adf81d5636dd}</UniqueIdentifier>
    </Filter>
    <Filter Include="Volt3D\Input">
      <UniqueIdentifier>{9e7bc695-c523-49d6-beb2-be5ab5778934}</UniqueIdentifier>
    </Filter>
    <Filter Include="Volt3D\Node">
      <UniqueIdentifier>{8fddd200-8939-418f-a6f4-2761c0fcd4b2}</UniqueIdentifier>
    </Filter>
    <Filter Include="Volt3D\Shape">
      <UniqueIdentifier>{b9ff3a0d-1747-41e8-a129-4e6b2ee026d9}</UniqueIdentifier>
    </Filter>
    <Filter Include="Volt3D\Scene">
      <UniqueIdentifier>{55ab3348-fc80-4a25-98c6-1d566420a590}</UniqueIdentifier>
    </Filter>
    <Filter Include="Volt3D\Action">
      <UniqueIdentifier>{316f60f1-2855-4d95-998f-0184d92e4f57}</UniqueIdentifier>
    </Filter>
    <Filter Include="Volt3D\Spritesheet">
      <UniqueIdentifier>{5b5b44ba-305a-4b66-bc50-e6691ffe04fb}</UniqueIdentifier>
    </Filter>
    <Filter Include="Volt3D\Debug">
      <UniqueIdentifier>{675853ce-73ef-40f4-b7d5-170ed8399842}</UniqueIdentifier>
    </Filter>
    <Filter Include="Volt3D\Texture">
      <UniqueIdentifier>{3b241cd4-93f5-404c-8f2d-21ae908721ef}</UniqueIdentifier>
    </Filter>
    <Filter Include="Volt3D\Engine">
      <UniqueIdentifier>{87989972-4916-46fb-ab22-56f3997c26e5}</UniqueIdentifier>
    </Filter>
    <Filter Include="Volt3D\Vulkan\Buffers">
      <UniqueIdentifier>{b594f6a2-8868-41de-841b-3207ef2edee8}</UniqueIdentifier>
    </Filter>
    <Filter Include="Volt3D\Vulkan\Pipelines">
      <UniqueIdentifier>{716c2008-571b-4ee2-9c82-a62004969fe3}</UniqueIdentifier>
    </Filter>
    <Filter Include="Volt3D\Vulkan\Debugs">
      <UniqueIdentifier>{2c6a52c9-daa9-4ea2-a7d3-186beb41cb5d}</UniqueIdentifier>
    </Filter>
    <Filter Include="Volt3D\Vulkan\Devices">
      <UniqueIdentifier>{0825abe1-75f8-42c4-9df7-4594b4a1aadd}</UniqueIdentifier>
    </Filter>
    <Filter Include="Volt3D\Vulkan\Images">
      <UniqueIdentifier>{2a8413f1-eae5-4a9e-b5d8-2ab7d1c66e23}</UniqueIdentifier>
    </Filter>
    <Filter Include="Volt3D\Vulkan\Commands">
      <UniqueIdentifier>{468cfdef-8bd4-487f-bfe7-b43bf5debbc1}</UniqueIdentifier>
    </Filter>
    <Filter Include="Volt3D\Vulkan\Swapchain">
      <UniqueIdentifier>{6140c1b6-fecf-431e-883c-c95c95da76e8}</UniqueIdentifier>
    </Filter>
  </ItemGroup>
  <ItemGroup>
    <ClCompile Include="dllmain.cpp">
      <Filter>DLL</Filter>
    </ClCompile>
    <ClCompile Include="PreCompiled.cpp">
      <Filter>DLL</Filter>
    </ClCompile>
    <ClCompile Include="Volt3D\Vulkan\Context.cpp">
      <Filter>Volt3D\Vulkan</Filter>
    </ClCompile>
    <ClCompile Include="Volt3D\Vulkan\Instance.cpp">
      <Filter>Volt3D\Vulkan</Filter>
    </ClCompile>
    <ClCompile Include="Volt3D\Vulkan\Utils.cpp">
      <Filter>Volt3D\Vulkan</Filter>
    </ClCompile>
    <ClCompile Include="Volt3D\Color\Color4B.cpp">
      <Filter>Volt3D\Color</Filter>
    </ClCompile>
    <ClCompile Include="Volt3D\Color\Color4F.cpp">
      <Filter>Volt3D\Color</Filter>
    </ClCompile>
    <ClCompile Include="Volt3D\Color\Color3B.cpp">
      <Filter>Volt3D\Color</Filter>
    </ClCompile>
    <ClCompile Include="Volt3D\Color\Color3F.cpp">
      <Filter>Volt3D\Color</Filter>
    </ClCompile>
    <ClCompile Include="Volt3D\Renderer\VertexData.cpp">
      <Filter>Volt3D\Renderer</Filter>
    </ClCompile>
    <ClCompile Include="Volt3D\Node\BaseNode.cpp">
      <Filter>Volt3D\Node</Filter>
    </ClCompile>
    <ClCompile Include="Volt3D\Node\TransformNode.cpp">
      <Filter>Volt3D\Node</Filter>
    </ClCompile>
    <ClCompile Include="Volt3D\Node\ZOrder.cpp">
      <Filter>Volt3D\Node</Filter>
    </ClCompile>
    <ClCompile Include="Volt3D\Shape\Segment.cpp">
      <Filter>Volt3D\Shape</Filter>
    </ClCompile>
    <ClCompile Include="Volt3D\Shape\Segment2D.cpp">
      <Filter>Volt3D\Shape</Filter>
    </ClCompile>
    <ClCompile Include="Volt3D\Shape\Sphere.cpp">
      <Filter>Volt3D\Shape</Filter>
    </ClCompile>
    <ClCompile Include="Volt3D\Shape\Triangle.cpp">
      <Filter>Volt3D\Shape</Filter>
    </ClCompile>
    <ClCompile Include="Volt3D\Shape\Triangle2D.cpp">
      <Filter>Volt3D\Shape</Filter>
    </ClCompile>
    <ClCompile Include="Volt3D\Shape\AABB.cpp">
      <Filter>Volt3D\Shape</Filter>
    </ClCompile>
    <ClCompile Include="Volt3D\Shape\Circle.cpp">
      <Filter>Volt3D\Shape</Filter>
    </ClCompile>
    <ClCompile Include="Volt3D\Shape\OBB.cpp">
      <Filter>Volt3D\Shape</Filter>
    </ClCompile>
    <ClCompile Include="Volt3D\Shape\OrientedRect.cpp">
      <Filter>Volt3D\Shape</Filter>
    </ClCompile>
    <ClCompile Include="Volt3D\Shape\Plane.cpp">
      <Filter>Volt3D\Shape</Filter>
    </ClCompile>
    <ClCompile Include="Volt3D\Shape\Quad.cpp">
      <Filter>Volt3D\Shape</Filter>
    </ClCompile>
    <ClCompile Include="Volt3D\Shape\Quad2D.cpp">
      <Filter>Volt3D\Shape</Filter>
    </ClCompile>
    <ClCompile Include="Volt3D\Shape\Rect.cpp">
      <Filter>Volt3D\Shape</Filter>
    </ClCompile>
    <ClCompile Include="Volt3D\Input\InputManager.cpp">
      <Filter>Volt3D\Input</Filter>
    </ClCompile>
    <ClCompile Include="Volt3D\Scene\Scene.cpp">
      <Filter>Volt3D\Scene</Filter>
    </ClCompile>
    <ClCompile Include="Volt3D\Action\Action.cpp">
      <Filter>Volt3D\Action</Filter>
    </ClCompile>
    <ClCompile Include="Volt3D\Spritesheet\Image.cpp">
      <Filter>Volt3D\Spritesheet</Filter>
    </ClCompile>
    <ClCompile Include="Volt3D\Renderer\Vertex.cpp">
      <Filter>Volt3D\Renderer</Filter>
    </ClCompile>
    <ClCompile Include="Volt3D\Debug\DebugCamera.cpp">
      <Filter>Volt3D\Debug</Filter>
    </ClCompile>
    <ClCompile Include="Volt3D\Vulkan\Texture.cpp">
      <Filter>Volt3D\Vulkan</Filter>
    </ClCompile>
    <ClCompile Include="Volt3D\Texture\TextureManager.cpp">
      <Filter>Volt3D\Texture</Filter>
    </ClCompile>
    <ClCompile Include="Volt3D\Engine\Director.cpp">
      <Filter>Volt3D\Engine</Filter>
    </ClCompile>
    <ClCompile Include="Volt3D\Engine\Engine.cpp">
      <Filter>Volt3D\Engine</Filter>
    </ClCompile>
    <ClCompile Include="Volt3D\Engine\Frustum.cpp">
      <Filter>Volt3D\Engine</Filter>
    </ClCompile>
    <ClCompile Include="Volt3D\Engine\Preference.cpp">
      <Filter>Volt3D\Engine</Filter>
    </ClCompile>
    <ClCompile Include="Volt3D\Engine\Time.cpp">
      <Filter>Volt3D\Engine</Filter>
    </ClCompile>
    <ClCompile Include="Volt3D\Engine\Window.cpp">
      <Filter>Volt3D\Engine</Filter>
    </ClCompile>
    <ClCompile Include="Volt3D\Engine\Application.cpp">
      <Filter>Volt3D\Engine</Filter>
    </ClCompile>
    <ClCompile Include="Volt3D\Engine\Camera.cpp">
      <Filter>Volt3D\Engine</Filter>
    </ClCompile>
    <ClCompile Include="Volt3D\Vulkan\Buffers\Buffer.cpp">
      <Filter>Volt3D\Vulkan\Buffers</Filter>
    </ClCompile>
    <ClCompile Include="Volt3D\Vulkan\Buffers\UniformBuffer.cpp">
      <Filter>Volt3D\Vulkan\Buffers</Filter>
    </ClCompile>
    <ClCompile Include="Volt3D\Vulkan\Pipelines\Pipeline.cpp">
      <Filter>Volt3D\Vulkan\Pipelines</Filter>
    </ClCompile>
    <ClCompile Include="Volt3D\Vulkan\Pipelines\Shader.cpp">
      <Filter>Volt3D\Vulkan\Pipelines</Filter>
    </ClCompile>
    <ClCompile Include="Volt3D\Vulkan\Debugs\DebugReportCallback.cpp">
      <Filter>Volt3D\Vulkan\Debugs</Filter>
    </ClCompile>
    <ClCompile Include="Volt3D\Vulkan\Debugs\DebugUtilsMessenger.cpp">
      <Filter>Volt3D\Vulkan\Debugs</Filter>
    </ClCompile>
    <ClCompile Include="Volt3D\Vulkan\Devices\PhysicalDevice.cpp">
      <Filter>Volt3D\Vulkan\Devices</Filter>
    </ClCompile>
    <ClCompile Include="Volt3D\Vulkan\Devices\LogicalDevice.cpp">
      <Filter>Volt3D\Vulkan\Devices</Filter>
    </ClCompile>
    <ClCompile Include="Volt3D\Vulkan\Pipelines\Uniform.cpp">
      <Filter>Volt3D\Vulkan\Pipelines</Filter>
    </ClCompile>
    <ClCompile Include="Volt3D\Vulkan\Pipelines\UniformBlock.cpp">
      <Filter>Volt3D\Vulkan\Pipelines</Filter>
    </ClCompile>
    <ClCompile Include="Volt3D\Vulkan\Images\Image.cpp">
      <Filter>Volt3D\Vulkan\Images</Filter>
    </ClCompile>
    <ClCompile Include="Volt3D\Vulkan\Commands\CommandBuffer.cpp">
      <Filter>Volt3D\Vulkan\Commands</Filter>
    </ClCompile>
    <ClCompile Include="Volt3D\Vulkan\Commands\CommandPool.cpp">
      <Filter>Volt3D\Vulkan\Commands</Filter>
    </ClCompile>
    <ClCompile Include="Volt3D\Vulkan\Images\Image2D.cpp">
      <Filter>Volt3D\Vulkan\Images</Filter>
    </ClCompile>
    <ClCompile Include="Volt3D\Vulkan\Swapchain\Swapchain.cpp">
      <Filter>Volt3D\Vulkan\Swapchain</Filter>
    </ClCompile>
    <ClCompile Include="Volt3D\Vulkan\Swapchain\Framebuffers.cpp">
      <Filter>Volt3D\Vulkan\Swapchain</Filter>
    </ClCompile>
    <ClCompile Include="Volt3D\Vulkan\Swapchain\RenderPass.cpp">
      <Filter>Volt3D\Vulkan\Swapchain</Filter>
    </ClCompile>
    <ClCompile Include="Volt3D\Vulkan\Pipelines\ShaderState.cpp">
      <Filter>DLL</Filter>
    </ClCompile>
    <ClCompile Include="Volt3D\Vulkan\Pipelines\Attribute.cpp">
      <Filter>Volt3D\Vulkan\Pipelines</Filter>
    </ClCompile>
  </ItemGroup>
  <ItemGroup>
    <ClInclude Include="PreCompiled.h">
      <Filter>DLL</Filter>
    </ClInclude>
    <ClInclude Include="Volt3D\Utils\Macros.h">
      <Filter>Volt3D\Utils</Filter>
    </ClInclude>
    <ClInclude Include="Volt3D\Utils\FileSystem.h">
      <Filter>Volt3D\Utils</Filter>
    </ClInclude>
    <ClInclude Include="Volt3D\Utils\Logger.h">
      <Filter>Volt3D\Utils</Filter>
    </ClInclude>
    <ClInclude Include="Volt3D\Config\GLFWCallbackConfig.h">
      <Filter>Volt3D\Config</Filter>
    </ClInclude>
    <ClInclude Include="Volt3D\Vulkan\Context.h">
      <Filter>Volt3D\Vulkan</Filter>
    </ClInclude>
    <ClInclude Include="Volt3D\Vulkan\Instance.h">
      <Filter>Volt3D\Vulkan</Filter>
    </ClInclude>
    <ClInclude Include="Volt3D.h">
      <Filter>Volt3D</Filter>
    </ClInclude>
    <ClInclude Include="Volt3D\Config\BuildConfig.h">
      <Filter>Volt3D\Config</Filter>
    </ClInclude>
    <ClInclude Include="Volt3D\Vulkan\Utils.h">
      <Filter>Volt3D\Vulkan</Filter>
    </ClInclude>
    <ClInclude Include="Volt3D\Utils\Timer.h">
      <Filter>Volt3D\Utils</Filter>
    </ClInclude>
    <ClInclude Include="Volt3D\Color\Color3F.h">
      <Filter>Volt3D\Color</Filter>
    </ClInclude>
    <ClInclude Include="Volt3D\Color\Color4B.h">
      <Filter>Volt3D\Color</Filter>
    </ClInclude>
    <ClInclude Include="Volt3D\Color\Color4F.h">
      <Filter>Volt3D\Color</Filter>
    </ClInclude>
    <ClInclude Include="Volt3D\Color\Color3B.h">
      <Filter>Volt3D\Color</Filter>
    </ClInclude>
    <ClInclude Include="Volt3D\Renderer\VertexData.h">
      <Filter>Volt3D\Renderer</Filter>
    </ClInclude>
    <ClInclude Include="Volt3D\Node\BaseNode.h">
      <Filter>Volt3D\Node</Filter>
    </ClInclude>
    <ClInclude Include="Volt3D\Node\TransformNode.h">
      <Filter>Volt3D\Node</Filter>
    </ClInclude>
    <ClInclude Include="Volt3D\Node\ZOrder.h">
      <Filter>Volt3D\Node</Filter>
    </ClInclude>
    <ClInclude Include="Volt3D\Node\NodeType.h">
      <Filter>Volt3D\Node</Filter>
    </ClInclude>
    <ClInclude Include="Volt3D\Node\Pivot.h">
      <Filter>Volt3D\Node</Filter>
    </ClInclude>
    <ClInclude Include="Volt3D\Shape\Rect.h">
      <Filter>Volt3D\Shape</Filter>
    </ClInclude>
    <ClInclude Include="Volt3D\Shape\Segment.h">
      <Filter>Volt3D\Shape</Filter>
    </ClInclude>
    <ClInclude Include="Volt3D\Shape\Segment2D.h">
      <Filter>Volt3D\Shape</Filter>
    </ClInclude>
    <ClInclude Include="Volt3D\Shape\Sphere.h">
      <Filter>Volt3D\Shape</Filter>
    </ClInclude>
    <ClInclude Include="Volt3D\Shape\Triangle.h">
      <Filter>Volt3D\Shape</Filter>
    </ClInclude>
    <ClInclude Include="Volt3D\Shape\Triangle2D.h">
      <Filter>Volt3D\Shape</Filter>
    </ClInclude>
    <ClInclude Include="Volt3D\Shape\AABB.h">
      <Filter>Volt3D\Shape</Filter>
    </ClInclude>
    <ClInclude Include="Volt3D\Shape\Circle.h">
      <Filter>Volt3D\Shape</Filter>
    </ClInclude>
    <ClInclude Include="Volt3D\Shape\OBB.h">
      <Filter>Volt3D\Shape</Filter>
    </ClInclude>
    <ClInclude Include="Volt3D\Shape\OrientedRect.h">
      <Filter>Volt3D\Shape</Filter>
    </ClInclude>
    <ClInclude Include="Volt3D\Shape\Plane.h">
      <Filter>Volt3D\Shape</Filter>
    </ClInclude>
    <ClInclude Include="Volt3D\Shape\Quad.h">
      <Filter>Volt3D\Shape</Filter>
    </ClInclude>
    <ClInclude Include="Volt3D\Shape\Quad2D.h">
      <Filter>Volt3D\Shape</Filter>
    </ClInclude>
    <ClInclude Include="Volt3D\Utils\String.h">
      <Filter>Volt3D\Utils</Filter>
    </ClInclude>
    <ClInclude Include="Volt3D\Utils\Utility.h">
      <Filter>Volt3D\Utils</Filter>
    </ClInclude>
    <ClInclude Include="Volt3D\Input\InputManager.h">
      <Filter>Volt3D\Input</Filter>
    </ClInclude>
    <ClInclude Include="Volt3D\Input\KeyCode.h">
      <Filter>Volt3D\Input</Filter>
    </ClInclude>
    <ClInclude Include="Volt3D\Input\MouseButton.h">
      <Filter>Volt3D\Input</Filter>
    </ClInclude>
    <ClInclude Include="Volt3D\Input\InputState.h">
      <Filter>Volt3D\Input</Filter>
    </ClInclude>
    <ClInclude Include="Volt3D\Input\KeyModifierBits.h">
      <Filter>Volt3D\Input</Filter>
    </ClInclude>
    <ClInclude Include="Volt3D\Scene\Scene.h">
      <Filter>Volt3D\Scene</Filter>
    </ClInclude>
    <ClInclude Include="Volt3D\Action\Action.h">
      <Filter>Volt3D\Action</Filter>
    </ClInclude>
    <ClInclude Include="Volt3D\Spritesheet\Image.h">
      <Filter>Volt3D\Spritesheet</Filter>
    </ClInclude>
    <ClInclude Include="Volt3D\Spritesheet\ImageType.h">
      <Filter>Volt3D\Spritesheet</Filter>
    </ClInclude>
    <ClInclude Include="Volt3D\Renderer\Vertex.h">
      <Filter>Volt3D\Renderer</Filter>
    </ClInclude>
    <ClInclude Include="Volt3D\Debug\DebugCamera.h">
      <Filter>Volt3D\Debug</Filter>
    </ClInclude>
    <ClInclude Include="Volt3D\Config\DebugConfig.h">
      <Filter>Volt3D\Config</Filter>
    </ClInclude>
    <ClInclude Include="Volt3D\Vulkan\Texture.h">
      <Filter>Volt3D\Vulkan</Filter>
    </ClInclude>
    <ClInclude Include="Volt3D\Texture\TextureManager.h">
      <Filter>Volt3D\Texture</Filter>
    </ClInclude>
    <ClInclude Include="Volt3D\Engine\CursorMode.h">
      <Filter>Volt3D\Engine</Filter>
    </ClInclude>
    <ClInclude Include="Volt3D\Engine\Director.h">
      <Filter>Volt3D\Engine</Filter>
    </ClInclude>
    <ClInclude Include="Volt3D\Engine\Engine.h">
      <Filter>Volt3D\Engine</Filter>
    </ClInclude>
    <ClInclude Include="Volt3D\Engine\Frustum.h">
      <Filter>Volt3D\Engine</Filter>
    </ClInclude>
    <ClInclude Include="Volt3D\Engine\Preference.h">
      <Filter>Volt3D\Engine</Filter>
    </ClInclude>
    <ClInclude Include="Volt3D\Engine\ProjectionType.h">
      <Filter>Volt3D\Engine</Filter>
    </ClInclude>
    <ClInclude Include="Volt3D\Engine\Time.h">
      <Filter>Volt3D\Engine</Filter>
    </ClInclude>
    <ClInclude Include="Volt3D\Engine\Window.h">
      <Filter>Volt3D\Engine</Filter>
    </ClInclude>
    <ClInclude Include="Volt3D\Engine\WindowMode.h">
      <Filter>Volt3D\Engine</Filter>
    </ClInclude>
    <ClInclude Include="Volt3D\Engine\Application.h">
      <Filter>Volt3D\Engine</Filter>
    </ClInclude>
    <ClInclude Include="Volt3D\Engine\Camera.h">
      <Filter>Volt3D\Engine</Filter>
    </ClInclude>
    <ClInclude Include="Volt3D\Vulkan\Buffers\Buffer.h">
      <Filter>Volt3D\Vulkan\Buffers</Filter>
    </ClInclude>
    <ClInclude Include="Volt3D\Vulkan\Buffers\UniformBuffer.h">
      <Filter>Volt3D\Vulkan\Buffers</Filter>
    </ClInclude>
    <ClInclude Include="Volt3D\Vulkan\Pipelines\Pipeline.h">
      <Filter>Volt3D\Vulkan\Pipelines</Filter>
    </ClInclude>
    <ClInclude Include="Volt3D\Vulkan\Pipelines\Shader.h">
      <Filter>Volt3D\Vulkan\Pipelines</Filter>
    </ClInclude>
    <ClInclude Include="Volt3D\Vulkan\Debugs\DebugUtilsMessenger.h">
      <Filter>Volt3D\Vulkan\Debugs</Filter>
    </ClInclude>
    <ClInclude Include="Volt3D\Vulkan\Debugs\DebugReportCallback.h">
      <Filter>Volt3D\Vulkan\Debugs</Filter>
    </ClInclude>
    <ClInclude Include="Volt3D\Vulkan\Devices\PhysicalDevice.h">
      <Filter>Volt3D\Vulkan\Devices</Filter>
    </ClInclude>
    <ClInclude Include="Volt3D\Vulkan\Devices\LogicalDevice.h">
      <Filter>Volt3D\Vulkan\Devices</Filter>
    </ClInclude>
    <ClInclude Include="Volt3D\Vulkan\Pipelines\Uniform.h">
      <Filter>Volt3D\Vulkan\Pipelines</Filter>
    </ClInclude>
    <ClInclude Include="Volt3D\Vulkan\Pipelines\UniformBlock.h">
      <Filter>Volt3D\Vulkan\Pipelines</Filter>
    </ClInclude>
    <ClInclude Include="Volt3D\Vulkan\Pipelines\UniformType.h">
      <Filter>Volt3D\Vulkan\Pipelines</Filter>
    </ClInclude>
    <ClInclude Include="Volt3D\Vulkan\Pipelines\UniformBlockType.h">
      <Filter>Volt3D\Vulkan\Pipelines</Filter>
    </ClInclude>
    <ClInclude Include="Volt3D\Vulkan\Images\Image.h">
      <Filter>Volt3D\Vulkan\Images</Filter>
    </ClInclude>
    <ClInclude Include="Volt3D\Vulkan\Commands\CommandBuffer.h">
      <Filter>Volt3D\Vulkan\Commands</Filter>
    </ClInclude>
    <ClInclude Include="Volt3D\Vulkan\Commands\CommandPool.h">
      <Filter>Volt3D\Vulkan\Commands</Filter>
    </ClInclude>
    <ClInclude Include="Volt3D\Vulkan\Images\Image2D.h">
      <Filter>Volt3D\Vulkan\Images</Filter>
    </ClInclude>
    <ClInclude Include="Volt3D\Vulkan\Swapchain\Swapchain.h">
      <Filter>Volt3D\Vulkan\Swapchain</Filter>
    </ClInclude>
    <ClInclude Include="Volt3D\Vulkan\Swapchain\Framebuffers.h">
      <Filter>Volt3D\Vulkan\Swapchain</Filter>
    </ClInclude>
    <ClInclude Include="Volt3D\Vulkan\Swapchain\RenderPass.h">
      <Filter>Volt3D\Vulkan\Swapchain</Filter>
    </ClInclude>
    <ClInclude Include="Volt3D\Vulkan\Pipelines\ShaderState.h">
      <Filter>Volt3D\Vulkan\Pipelines</Filter>
    </ClInclude>
    <ClInclude Include="Volt3D\Vulkan\Pipelines\Attribute.h">
      <Filter>Volt3D\Vulkan\Pipelines</Filter>
    </ClInclude>
  </ItemGroup>
</Project>